// !$*UTF8*$!
{
	archiveVersion = 1;
	classes = {
	};
	objectVersion = 51;
	objects = {

/* Begin PBXBuildFile section */
		7715F465236093F500BF4351 /* DateFormatMapper.swift in Sources */ = {isa = PBXBuildFile; fileRef = 7715F464236093F500BF4351 /* DateFormatMapper.swift */; };
		771B367922AC21B7003C3D2E /* TaskDescriptionController.swift in Sources */ = {isa = PBXBuildFile; fileRef = 771B367822AC21B7003C3D2E /* TaskDescriptionController.swift */; };
		771DE66122C73FCA00AD3FED /* TokenService.swift in Sources */ = {isa = PBXBuildFile; fileRef = 771DE66022C73FCA00AD3FED /* TokenService.swift */; };
		7730943B22A976F100283A93 /* TableViewCell.swift in Sources */ = {isa = PBXBuildFile; fileRef = 775B477E22A5A15500C32220 /* TableViewCell.swift */; };
		773E819122B5381500F6BB6A /* Sheduler.swift in Sources */ = {isa = PBXBuildFile; fileRef = 773E819022B5381500F6BB6A /* Sheduler.swift */; };
		773E819322B69D3500F6BB6A /* MainTabViewController.swift in Sources */ = {isa = PBXBuildFile; fileRef = 773E819222B69D3500F6BB6A /* MainTabViewController.swift */; };
		775B478122A5A15500C32220 /* TableViewCell.xib in Resources */ = {isa = PBXBuildFile; fileRef = 775B477F22A5A15500C32220 /* TableViewCell.xib */; };
		77A67B2A235205A30032571A /* TaskServiceSync2.swift in Sources */ = {isa = PBXBuildFile; fileRef = 77A67B29235205A30032571A /* TaskServiceSync2.swift */; };
		77A67B2C235209980032571A /* TaskClient.swift in Sources */ = {isa = PBXBuildFile; fileRef = 77A67B2B235209980032571A /* TaskClient.swift */; };
		77A67B2E235242EA0032571A /* SyncManager.swift in Sources */ = {isa = PBXBuildFile; fileRef = 77A67B2D235242EA0032571A /* SyncManager.swift */; };
		77A67B30235251F20032571A /* TaskRemote.swift in Sources */ = {isa = PBXBuildFile; fileRef = 77A67B2F235251F20032571A /* TaskRemote.swift */; };
		77B505B122A41F64005099D3 /* TaskListController.swift in Sources */ = {isa = PBXBuildFile; fileRef = 77B505B022A41F64005099D3 /* TaskListController.swift */; };
		77BA3D7122B0187700051371 /* AppConfig.swift in Sources */ = {isa = PBXBuildFile; fileRef = 77BA3D7022B0187700051371 /* AppConfig.swift */; };
		77BA3D7322B01A9400051371 /* Colors.swift in Sources */ = {isa = PBXBuildFile; fileRef = 77BA3D7222B01A9400051371 /* Colors.swift */; };
		77BA3D7522B01DFD00051371 /* DateUtils.swift in Sources */ = {isa = PBXBuildFile; fileRef = 77BA3D7422B01DFD00051371 /* DateUtils.swift */; };
		77BA3D7722B0F28E00051371 /* TaskList.swift in Sources */ = {isa = PBXBuildFile; fileRef = 77BA3D7622B0F28D00051371 /* TaskList.swift */; };
		77BA3D7922B163F300051371 /* ScheduleController.swift in Sources */ = {isa = PBXBuildFile; fileRef = 77BA3D7822B163F300051371 /* ScheduleController.swift */; };
		77DB59D8245E874600A21DE5 /* ForFieldBorder.swift in Sources */ = {isa = PBXBuildFile; fileRef = 77DB59D7245E874600A21DE5 /* ForFieldBorder.swift */; };
		77FDD2D922A6CABC00597189 /* Font Awesome 5 Free-Regular-400.otf in Resources */ = {isa = PBXBuildFile; fileRef = 77FDD2D622A6CABC00597189 /* Font Awesome 5 Free-Regular-400.otf */; };
		77FDD2DA22A6CABC00597189 /* Font Awesome 5 Brands-Regular-400.otf in Resources */ = {isa = PBXBuildFile; fileRef = 77FDD2D722A6CABC00597189 /* Font Awesome 5 Brands-Regular-400.otf */; };
		77FDD2DB22A6CABC00597189 /* Font Awesome 5 Free-Solid-900.otf in Resources */ = {isa = PBXBuildFile; fileRef = 77FDD2D822A6CABC00597189 /* Font Awesome 5 Free-Solid-900.otf */; };
		77FF897F22AAD512000B2EFE /* TaskService.swift in Sources */ = {isa = PBXBuildFile; fileRef = 77FF897E22AAD512000B2EFE /* TaskService.swift */; };
		87D0FD34181CC2BF9A610E67 /* Pods_motive.framework in Frameworks */ = {isa = PBXBuildFile; fileRef = 865AC9E054E04A9876CB4F85 /* Pods_motive.framework */; };
		959B85A1B2FD0D49F21A9E46 /* Pods_motiveUITests.framework in Frameworks */ = {isa = PBXBuildFile; fileRef = D737B06EE8D5D7B046EB7914 /* Pods_motiveUITests.framework */; };
		997409A22A275B828C7435CE /* Pods_motiveTests.framework in Frameworks */ = {isa = PBXBuildFile; fileRef = E91CB24A7216E347CB34AC7D /* Pods_motiveTests.framework */; };
		BE14FB102166AB27002B488B /* AppDelegate.swift in Sources */ = {isa = PBXBuildFile; fileRef = BE14FB0F2166AB27002B488B /* AppDelegate.swift */; };
		BE14FB122166AB27002B488B /* RootController.swift in Sources */ = {isa = PBXBuildFile; fileRef = BE14FB112166AB27002B488B /* RootController.swift */; };
		BE14FB152166AB27002B488B /* Main.storyboard in Resources */ = {isa = PBXBuildFile; fileRef = BE14FB132166AB27002B488B /* Main.storyboard */; };
		BE14FB182166AB27002B488B /* motive.xcdatamodeld in Sources */ = {isa = PBXBuildFile; fileRef = BE14FB162166AB27002B488B /* motive.xcdatamodeld */; };
		BE14FB1A2166AB28002B488B /* Assets.xcassets in Resources */ = {isa = PBXBuildFile; fileRef = BE14FB192166AB28002B488B /* Assets.xcassets */; };
		BE14FB1D2166AB28002B488B /* LaunchScreen.storyboard in Resources */ = {isa = PBXBuildFile; fileRef = BE14FB1B2166AB28002B488B /* LaunchScreen.storyboard */; };
		BE14FB282166AB28002B488B /* motiveTests.swift in Sources */ = {isa = PBXBuildFile; fileRef = BE14FB272166AB28002B488B /* motiveTests.swift */; };
		BE14FB332166AB28002B488B /* motiveUITests.swift in Sources */ = {isa = PBXBuildFile; fileRef = BE14FB322166AB28002B488B /* motiveUITests.swift */; };
		BE14FB432166B160002B488B /* TaskController.swift in Sources */ = {isa = PBXBuildFile; fileRef = BE14FB422166B160002B488B /* TaskController.swift */; };
		BE14FB462166B1B3002B488B /* Task.swift in Sources */ = {isa = PBXBuildFile; fileRef = BE14FB452166B1B3002B488B /* Task.swift */; };
		BE153CC6223DBF1300498A2D /* MainController.swift in Sources */ = {isa = PBXBuildFile; fileRef = BE153CC5223DBF1300498A2D /* MainController.swift */; };
		BEB046E12169F5B400AE14B7 /* TaskRemoteService.swift in Sources */ = {isa = PBXBuildFile; fileRef = BEB046E02169F5B400AE14B7 /* TaskRemoteService.swift */; };
/* End PBXBuildFile section */

/* Begin PBXContainerItemProxy section */
		BE14FB242166AB28002B488B /* PBXContainerItemProxy */ = {
			isa = PBXContainerItemProxy;
			containerPortal = BE14FB042166AB27002B488B /* Project object */;
			proxyType = 1;
			remoteGlobalIDString = BE14FB0B2166AB27002B488B;
			remoteInfo = motive;
		};
		BE14FB2F2166AB28002B488B /* PBXContainerItemProxy */ = {
			isa = PBXContainerItemProxy;
			containerPortal = BE14FB042166AB27002B488B /* Project object */;
			proxyType = 1;
			remoteGlobalIDString = BE14FB0B2166AB27002B488B;
			remoteInfo = motive;
		};
/* End PBXContainerItemProxy section */

/* Begin PBXFileReference section */
		34B01112730B05C053AF5F01 /* Pods-motiveTests.debug.xcconfig */ = {isa = PBXFileReference; includeInIndex = 1; lastKnownFileType = text.xcconfig; name = "Pods-motiveTests.debug.xcconfig"; path = "Pods/Target Support Files/Pods-motiveTests/Pods-motiveTests.debug.xcconfig"; sourceTree = "<group>"; };
		431E5E5006C926A77D6D4E0B /* Pods-motive.release.xcconfig */ = {isa = PBXFileReference; includeInIndex = 1; lastKnownFileType = text.xcconfig; name = "Pods-motive.release.xcconfig"; path = "Pods/Target Support Files/Pods-motive/Pods-motive.release.xcconfig"; sourceTree = "<group>"; };
		7715F464236093F500BF4351 /* DateFormatMapper.swift */ = {isa = PBXFileReference; lastKnownFileType = sourcecode.swift; path = DateFormatMapper.swift; sourceTree = "<group>"; };
		771B367822AC21B7003C3D2E /* TaskDescriptionController.swift */ = {isa = PBXFileReference; lastKnownFileType = sourcecode.swift; path = TaskDescriptionController.swift; sourceTree = "<group>"; };
		771DE66022C73FCA00AD3FED /* TokenService.swift */ = {isa = PBXFileReference; lastKnownFileType = sourcecode.swift; path = TokenService.swift; sourceTree = "<group>"; };
		773E819022B5381500F6BB6A /* Sheduler.swift */ = {isa = PBXFileReference; lastKnownFileType = sourcecode.swift; path = Sheduler.swift; sourceTree = "<group>"; };
		773E819222B69D3500F6BB6A /* MainTabViewController.swift */ = {isa = PBXFileReference; lastKnownFileType = sourcecode.swift; path = MainTabViewController.swift; sourceTree = "<group>"; };
		775B477E22A5A15500C32220 /* TableViewCell.swift */ = {isa = PBXFileReference; lastKnownFileType = sourcecode.swift; path = TableViewCell.swift; sourceTree = "<group>"; };
		775B477F22A5A15500C32220 /* TableViewCell.xib */ = {isa = PBXFileReference; lastKnownFileType = file.xib; path = TableViewCell.xib; sourceTree = "<group>"; };
		77A67B29235205A30032571A /* TaskServiceSync2.swift */ = {isa = PBXFileReference; lastKnownFileType = sourcecode.swift; path = TaskServiceSync2.swift; sourceTree = "<group>"; };
		77A67B2B235209980032571A /* TaskClient.swift */ = {isa = PBXFileReference; lastKnownFileType = sourcecode.swift; path = TaskClient.swift; sourceTree = "<group>"; };
		77A67B2D235242EA0032571A /* SyncManager.swift */ = {isa = PBXFileReference; lastKnownFileType = sourcecode.swift; path = SyncManager.swift; sourceTree = "<group>"; };
		77A67B2F235251F20032571A /* TaskRemote.swift */ = {isa = PBXFileReference; lastKnownFileType = sourcecode.swift; path = TaskRemote.swift; sourceTree = "<group>"; };
		77B505B022A41F64005099D3 /* TaskListController.swift */ = {isa = PBXFileReference; lastKnownFileType = sourcecode.swift; path = TaskListController.swift; sourceTree = "<group>"; };
		77BA3D7022B0187700051371 /* AppConfig.swift */ = {isa = PBXFileReference; lastKnownFileType = sourcecode.swift; path = AppConfig.swift; sourceTree = "<group>"; };
		77BA3D7222B01A9400051371 /* Colors.swift */ = {isa = PBXFileReference; lastKnownFileType = sourcecode.swift; path = Colors.swift; sourceTree = "<group>"; };
		77BA3D7422B01DFD00051371 /* DateUtils.swift */ = {isa = PBXFileReference; lastKnownFileType = sourcecode.swift; path = DateUtils.swift; sourceTree = "<group>"; };
		77BA3D7622B0F28D00051371 /* TaskList.swift */ = {isa = PBXFileReference; lastKnownFileType = sourcecode.swift; path = TaskList.swift; sourceTree = "<group>"; };
		77BA3D7822B163F300051371 /* ScheduleController.swift */ = {isa = PBXFileReference; lastKnownFileType = sourcecode.swift; path = ScheduleController.swift; sourceTree = "<group>"; };
		77DB59D7245E874600A21DE5 /* ForFieldBorder.swift */ = {isa = PBXFileReference; lastKnownFileType = sourcecode.swift; path = ForFieldBorder.swift; sourceTree = "<group>"; };
		77DB59DB245E992F00A21DE5 /* FontAwesome_swift.framework */ = {isa = PBXFileReference; explicitFileType = wrapper.framework; path = FontAwesome_swift.framework; sourceTree = BUILT_PRODUCTS_DIR; };
		77FDD2D622A6CABC00597189 /* Font Awesome 5 Free-Regular-400.otf */ = {isa = PBXFileReference; lastKnownFileType = file; path = "Font Awesome 5 Free-Regular-400.otf"; sourceTree = "<group>"; };
		77FDD2D722A6CABC00597189 /* Font Awesome 5 Brands-Regular-400.otf */ = {isa = PBXFileReference; lastKnownFileType = file; path = "Font Awesome 5 Brands-Regular-400.otf"; sourceTree = "<group>"; };
		77FDD2D822A6CABC00597189 /* Font Awesome 5 Free-Solid-900.otf */ = {isa = PBXFileReference; lastKnownFileType = file; path = "Font Awesome 5 Free-Solid-900.otf"; sourceTree = "<group>"; };
		77FF897E22AAD512000B2EFE /* TaskService.swift */ = {isa = PBXFileReference; lastKnownFileType = sourcecode.swift; path = TaskService.swift; sourceTree = "<group>"; };
		865AC9E054E04A9876CB4F85 /* Pods_motive.framework */ = {isa = PBXFileReference; explicitFileType = wrapper.framework; includeInIndex = 0; path = Pods_motive.framework; sourceTree = BUILT_PRODUCTS_DIR; };
		A8F3EC073F2AE9F2BF4435BB /* Pods-motiveTests.release.xcconfig */ = {isa = PBXFileReference; includeInIndex = 1; lastKnownFileType = text.xcconfig; name = "Pods-motiveTests.release.xcconfig"; path = "Pods/Target Support Files/Pods-motiveTests/Pods-motiveTests.release.xcconfig"; sourceTree = "<group>"; };
		BE14FB0C2166AB27002B488B /* motive.app */ = {isa = PBXFileReference; explicitFileType = wrapper.application; includeInIndex = 0; path = motive.app; sourceTree = BUILT_PRODUCTS_DIR; };
		BE14FB0F2166AB27002B488B /* AppDelegate.swift */ = {isa = PBXFileReference; lastKnownFileType = sourcecode.swift; path = AppDelegate.swift; sourceTree = "<group>"; };
		BE14FB112166AB27002B488B /* RootController.swift */ = {isa = PBXFileReference; lastKnownFileType = sourcecode.swift; path = RootController.swift; sourceTree = "<group>"; };
		BE14FB142166AB27002B488B /* Base */ = {isa = PBXFileReference; lastKnownFileType = file.storyboard; name = Base; path = Base.lproj/Main.storyboard; sourceTree = "<group>"; };
		BE14FB172166AB27002B488B /* motive.xcdatamodel */ = {isa = PBXFileReference; lastKnownFileType = wrapper.xcdatamodel; path = motive.xcdatamodel; sourceTree = "<group>"; };
		BE14FB192166AB28002B488B /* Assets.xcassets */ = {isa = PBXFileReference; lastKnownFileType = folder.assetcatalog; path = Assets.xcassets; sourceTree = "<group>"; };
		BE14FB1C2166AB28002B488B /* Base */ = {isa = PBXFileReference; lastKnownFileType = file.storyboard; name = Base; path = Base.lproj/LaunchScreen.storyboard; sourceTree = "<group>"; };
		BE14FB1E2166AB28002B488B /* Info.plist */ = {isa = PBXFileReference; lastKnownFileType = text.plist.xml; path = Info.plist; sourceTree = "<group>"; };
		BE14FB232166AB28002B488B /* motiveTests.xctest */ = {isa = PBXFileReference; explicitFileType = wrapper.cfbundle; includeInIndex = 0; path = motiveTests.xctest; sourceTree = BUILT_PRODUCTS_DIR; };
		BE14FB272166AB28002B488B /* motiveTests.swift */ = {isa = PBXFileReference; lastKnownFileType = sourcecode.swift; path = motiveTests.swift; sourceTree = "<group>"; };
		BE14FB292166AB28002B488B /* Info.plist */ = {isa = PBXFileReference; lastKnownFileType = text.plist.xml; path = Info.plist; sourceTree = "<group>"; };
		BE14FB2E2166AB28002B488B /* motiveUITests.xctest */ = {isa = PBXFileReference; explicitFileType = wrapper.cfbundle; includeInIndex = 0; path = motiveUITests.xctest; sourceTree = BUILT_PRODUCTS_DIR; };
		BE14FB322166AB28002B488B /* motiveUITests.swift */ = {isa = PBXFileReference; lastKnownFileType = sourcecode.swift; path = motiveUITests.swift; sourceTree = "<group>"; };
		BE14FB342166AB28002B488B /* Info.plist */ = {isa = PBXFileReference; lastKnownFileType = text.plist.xml; path = Info.plist; sourceTree = "<group>"; };
		BE14FB422166B160002B488B /* TaskController.swift */ = {isa = PBXFileReference; lastKnownFileType = sourcecode.swift; path = TaskController.swift; sourceTree = "<group>"; };
		BE14FB452166B1B3002B488B /* Task.swift */ = {isa = PBXFileReference; lastKnownFileType = sourcecode.swift; path = Task.swift; sourceTree = "<group>"; };
		BE153CC5223DBF1300498A2D /* MainController.swift */ = {isa = PBXFileReference; lastKnownFileType = sourcecode.swift; path = MainController.swift; sourceTree = "<group>"; };
		BEB046E02169F5B400AE14B7 /* TaskRemoteService.swift */ = {isa = PBXFileReference; lastKnownFileType = sourcecode.swift; path = TaskRemoteService.swift; sourceTree = "<group>"; };
		D10FCA7372307194FE90790A /* Pods-motiveUITests.debug.xcconfig */ = {isa = PBXFileReference; includeInIndex = 1; lastKnownFileType = text.xcconfig; name = "Pods-motiveUITests.debug.xcconfig"; path = "Pods/Target Support Files/Pods-motiveUITests/Pods-motiveUITests.debug.xcconfig"; sourceTree = "<group>"; };
		D11FEC16A741C5D27E567724 /* Pods-motive.debug.xcconfig */ = {isa = PBXFileReference; includeInIndex = 1; lastKnownFileType = text.xcconfig; name = "Pods-motive.debug.xcconfig"; path = "Pods/Target Support Files/Pods-motive/Pods-motive.debug.xcconfig"; sourceTree = "<group>"; };
		D737B06EE8D5D7B046EB7914 /* Pods_motiveUITests.framework */ = {isa = PBXFileReference; explicitFileType = wrapper.framework; includeInIndex = 0; path = Pods_motiveUITests.framework; sourceTree = BUILT_PRODUCTS_DIR; };
		E758995F42BCB1A944913D2B /* Pods-motiveUITests.release.xcconfig */ = {isa = PBXFileReference; includeInIndex = 1; lastKnownFileType = text.xcconfig; name = "Pods-motiveUITests.release.xcconfig"; path = "Pods/Target Support Files/Pods-motiveUITests/Pods-motiveUITests.release.xcconfig"; sourceTree = "<group>"; };
		E91CB24A7216E347CB34AC7D /* Pods_motiveTests.framework */ = {isa = PBXFileReference; explicitFileType = wrapper.framework; includeInIndex = 0; path = Pods_motiveTests.framework; sourceTree = BUILT_PRODUCTS_DIR; };
/* End PBXFileReference section */

/* Begin PBXFrameworksBuildPhase section */
		BE14FB092166AB27002B488B /* Frameworks */ = {
			isa = PBXFrameworksBuildPhase;
			buildActionMask = 2147483647;
			files = (
				87D0FD34181CC2BF9A610E67 /* Pods_motive.framework in Frameworks */,
			);
			runOnlyForDeploymentPostprocessing = 0;
		};
		BE14FB202166AB28002B488B /* Frameworks */ = {
			isa = PBXFrameworksBuildPhase;
			buildActionMask = 2147483647;
			files = (
				997409A22A275B828C7435CE /* Pods_motiveTests.framework in Frameworks */,
			);
			runOnlyForDeploymentPostprocessing = 0;
		};
		BE14FB2B2166AB28002B488B /* Frameworks */ = {
			isa = PBXFrameworksBuildPhase;
			buildActionMask = 2147483647;
			files = (
				959B85A1B2FD0D49F21A9E46 /* Pods_motiveUITests.framework in Frameworks */,
			);
			runOnlyForDeploymentPostprocessing = 0;
		};
/* End PBXFrameworksBuildPhase section */

/* Begin PBXGroup section */
		1B4664ABBAA99B195785E00A /* Frameworks */ = {
			isa = PBXGroup;
			children = (
				77DB59DB245E992F00A21DE5 /* FontAwesome_swift.framework */,
				865AC9E054E04A9876CB4F85 /* Pods_motive.framework */,
				E91CB24A7216E347CB34AC7D /* Pods_motiveTests.framework */,
				D737B06EE8D5D7B046EB7914 /* Pods_motiveUITests.framework */,
			);
			name = Frameworks;
			sourceTree = "<group>";
		};
		775B477D22A5A0E600C32220 /* CustomTaskCell */ = {
			isa = PBXGroup;
			children = (
				775B477E22A5A15500C32220 /* TableViewCell.swift */,
				775B477F22A5A15500C32220 /* TableViewCell.xib */,
			);
			path = CustomTaskCell;
			sourceTree = "<group>";
		};
		77BA3D6F22B0185900051371 /* Shared */ = {
			isa = PBXGroup;
			children = (
				77BA3D7022B0187700051371 /* AppConfig.swift */,
				77BA3D7222B01A9400051371 /* Colors.swift */,
				77DB59D7245E874600A21DE5 /* ForFieldBorder.swift */,
				77BA3D7422B01DFD00051371 /* DateUtils.swift */,
				773E819022B5381500F6BB6A /* Sheduler.swift */,
			);
			path = Shared;
			sourceTree = "<group>";
		};
		77FDD2D522A6CA4E00597189 /* Supporting files */ = {
			isa = PBXGroup;
			children = (
				77FDD2D722A6CABC00597189 /* Font Awesome 5 Brands-Regular-400.otf */,
				77FDD2D622A6CABC00597189 /* Font Awesome 5 Free-Regular-400.otf */,
				77FDD2D822A6CABC00597189 /* Font Awesome 5 Free-Solid-900.otf */,
			);
			path = "Supporting files";
			sourceTree = "<group>";
		};
		BE14FB032166AB27002B488B = {
			isa = PBXGroup;
			children = (
				BE14FB0E2166AB27002B488B /* motive */,
				BE14FB262166AB28002B488B /* motiveTests */,
				BE14FB312166AB28002B488B /* motiveUITests */,
				BE14FB0D2166AB27002B488B /* Products */,
				EDCF50AAC240D12EFFC1A435 /* Pods */,
				1B4664ABBAA99B195785E00A /* Frameworks */,
			);
			sourceTree = "<group>";
		};
		BE14FB0D2166AB27002B488B /* Products */ = {
			isa = PBXGroup;
			children = (
				BE14FB0C2166AB27002B488B /* motive.app */,
				BE14FB232166AB28002B488B /* motiveTests.xctest */,
				BE14FB2E2166AB28002B488B /* motiveUITests.xctest */,
			);
			name = Products;
			sourceTree = "<group>";
		};
		BE14FB0E2166AB27002B488B /* motive */ = {
			isa = PBXGroup;
			children = (
				77BA3D6F22B0185900051371 /* Shared */,
				77FDD2D522A6CA4E00597189 /* Supporting files */,
				BEB046DF2169F59600AE14B7 /* Service */,
				BE14FB442166B1A2002B488B /* Model */,
				BE14FB412166ACB7002B488B /* View */,
				BE14FB402166AC8E002B488B /* Controller */,
				BE14FB0F2166AB27002B488B /* AppDelegate.swift */,
				BE14FB192166AB28002B488B /* Assets.xcassets */,
				BE14FB1E2166AB28002B488B /* Info.plist */,
				BE14FB162166AB27002B488B /* motive.xcdatamodeld */,
			);
			path = motive;
			sourceTree = "<group>";
		};
		BE14FB262166AB28002B488B /* motiveTests */ = {
			isa = PBXGroup;
			children = (
				BE14FB272166AB28002B488B /* motiveTests.swift */,
				BE14FB292166AB28002B488B /* Info.plist */,
			);
			path = motiveTests;
			sourceTree = "<group>";
		};
		BE14FB312166AB28002B488B /* motiveUITests */ = {
			isa = PBXGroup;
			children = (
				BE14FB322166AB28002B488B /* motiveUITests.swift */,
				BE14FB342166AB28002B488B /* Info.plist */,
			);
			path = motiveUITests;
			sourceTree = "<group>";
		};
		BE14FB402166AC8E002B488B /* Controller */ = {
			isa = PBXGroup;
			children = (
				BE14FB112166AB27002B488B /* RootController.swift */,
				BE153CC5223DBF1300498A2D /* MainController.swift */,
				77B505B022A41F64005099D3 /* TaskListController.swift */,
				BE14FB422166B160002B488B /* TaskController.swift */,
				771B367822AC21B7003C3D2E /* TaskDescriptionController.swift */,
				77BA3D7822B163F300051371 /* ScheduleController.swift */,
				773E819222B69D3500F6BB6A /* MainTabViewController.swift */,
			);
			path = Controller;
			sourceTree = "<group>";
		};
		BE14FB412166ACB7002B488B /* View */ = {
			isa = PBXGroup;
			children = (
				775B477D22A5A0E600C32220 /* CustomTaskCell */,
				BE14FB132166AB27002B488B /* Main.storyboard */,
				BE14FB1B2166AB28002B488B /* LaunchScreen.storyboard */,
			);
			path = View;
			sourceTree = "<group>";
		};
		BE14FB442166B1A2002B488B /* Model */ = {
			isa = PBXGroup;
			children = (
				BE14FB452166B1B3002B488B /* Task.swift */,
				7715F464236093F500BF4351 /* DateFormatMapper.swift */,
				77BA3D7622B0F28D00051371 /* TaskList.swift */,
			);
			path = Model;
			sourceTree = "<group>";
		};
		BEB046DF2169F59600AE14B7 /* Service */ = {
			isa = PBXGroup;
			children = (
				771DE66022C73FCA00AD3FED /* TokenService.swift */,
				BEB046E42169F67300AE14B7 /* Task */,
			);
			path = Service;
			sourceTree = "<group>";
		};
		BEB046E42169F67300AE14B7 /* Task */ = {
			isa = PBXGroup;
			children = (
				BEB046E02169F5B400AE14B7 /* TaskRemoteService.swift */,
				77FF897E22AAD512000B2EFE /* TaskService.swift */,
				77A67B2F235251F20032571A /* TaskRemote.swift */,
				77A67B29235205A30032571A /* TaskServiceSync2.swift */,
				77A67B2B235209980032571A /* TaskClient.swift */,
				77A67B2D235242EA0032571A /* SyncManager.swift */,
			);
			path = Task;
			sourceTree = "<group>";
		};
		EDCF50AAC240D12EFFC1A435 /* Pods */ = {
			isa = PBXGroup;
			children = (
				D11FEC16A741C5D27E567724 /* Pods-motive.debug.xcconfig */,
				431E5E5006C926A77D6D4E0B /* Pods-motive.release.xcconfig */,
				34B01112730B05C053AF5F01 /* Pods-motiveTests.debug.xcconfig */,
				A8F3EC073F2AE9F2BF4435BB /* Pods-motiveTests.release.xcconfig */,
				D10FCA7372307194FE90790A /* Pods-motiveUITests.debug.xcconfig */,
				E758995F42BCB1A944913D2B /* Pods-motiveUITests.release.xcconfig */,
			);
			name = Pods;
			sourceTree = "<group>";
		};
/* End PBXGroup section */

/* Begin PBXNativeTarget section */
		BE14FB0B2166AB27002B488B /* motive */ = {
			isa = PBXNativeTarget;
			buildConfigurationList = BE14FB372166AB28002B488B /* Build configuration list for PBXNativeTarget "motive" */;
			buildPhases = (
				54ECAF0E156887C501B4A72E /* [CP] Check Pods Manifest.lock */,
				BE14FB082166AB27002B488B /* Sources */,
				BE14FB092166AB27002B488B /* Frameworks */,
				BE14FB0A2166AB27002B488B /* Resources */,
				EE943095859AC5539D743209 /* [CP] Embed Pods Frameworks */,
			);
			buildRules = (
			);
			dependencies = (
			);
			name = motive;
			productName = motive;
			productReference = BE14FB0C2166AB27002B488B /* motive.app */;
			productType = "com.apple.product-type.application";
		};
		BE14FB222166AB28002B488B /* motiveTests */ = {
			isa = PBXNativeTarget;
			buildConfigurationList = BE14FB3A2166AB28002B488B /* Build configuration list for PBXNativeTarget "motiveTests" */;
			buildPhases = (
				36FBD7BE0D3E21B5F72D3584 /* [CP] Check Pods Manifest.lock */,
				BE14FB1F2166AB28002B488B /* Sources */,
				BE14FB202166AB28002B488B /* Frameworks */,
				BE14FB212166AB28002B488B /* Resources */,
			);
			buildRules = (
			);
			dependencies = (
				BE14FB252166AB28002B488B /* PBXTargetDependency */,
			);
			name = motiveTests;
			productName = motiveTests;
			productReference = BE14FB232166AB28002B488B /* motiveTests.xctest */;
			productType = "com.apple.product-type.bundle.unit-test";
		};
		BE14FB2D2166AB28002B488B /* motiveUITests */ = {
			isa = PBXNativeTarget;
			buildConfigurationList = BE14FB3D2166AB28002B488B /* Build configuration list for PBXNativeTarget "motiveUITests" */;
			buildPhases = (
				26746419CABE8E7FBCA048A8 /* [CP] Check Pods Manifest.lock */,
				BE14FB2A2166AB28002B488B /* Sources */,
				BE14FB2B2166AB28002B488B /* Frameworks */,
				BE14FB2C2166AB28002B488B /* Resources */,
			);
			buildRules = (
			);
			dependencies = (
				BE14FB302166AB28002B488B /* PBXTargetDependency */,
			);
			name = motiveUITests;
			productName = motiveUITests;
			productReference = BE14FB2E2166AB28002B488B /* motiveUITests.xctest */;
			productType = "com.apple.product-type.bundle.ui-testing";
		};
/* End PBXNativeTarget section */

/* Begin PBXProject section */
		BE14FB042166AB27002B488B /* Project object */ = {
			isa = PBXProject;
			attributes = {
				LastSwiftUpdateCheck = 1000;
				LastUpgradeCheck = 1000;
				ORGANIZATIONNAME = Motivepick;
				TargetAttributes = {
					BE14FB0B2166AB27002B488B = {
						CreatedOnToolsVersion = 10.0;
						LastSwiftMigration = 1020;
					};
					BE14FB222166AB28002B488B = {
						CreatedOnToolsVersion = 10.0;
						LastSwiftMigration = 1020;
						TestTargetID = BE14FB0B2166AB27002B488B;
					};
					BE14FB2D2166AB28002B488B = {
						CreatedOnToolsVersion = 10.0;
						LastSwiftMigration = 1020;
						TestTargetID = BE14FB0B2166AB27002B488B;
					};
				};
			};
			buildConfigurationList = BE14FB072166AB27002B488B /* Build configuration list for PBXProject "motive" */;
			compatibilityVersion = "Xcode 9.3";
			developmentRegion = en;
			hasScannedForEncodings = 0;
			knownRegions = (
				en,
				Base,
			);
			mainGroup = BE14FB032166AB27002B488B;
			productRefGroup = BE14FB0D2166AB27002B488B /* Products */;
			projectDirPath = "";
			projectRoot = "";
			targets = (
				BE14FB0B2166AB27002B488B /* motive */,
				BE14FB222166AB28002B488B /* motiveTests */,
				BE14FB2D2166AB28002B488B /* motiveUITests */,
			);
		};
/* End PBXProject section */

/* Begin PBXResourcesBuildPhase section */
		BE14FB0A2166AB27002B488B /* Resources */ = {
			isa = PBXResourcesBuildPhase;
			buildActionMask = 2147483647;
			files = (
				BE14FB1D2166AB28002B488B /* LaunchScreen.storyboard in Resources */,
				77FDD2DA22A6CABC00597189 /* Font Awesome 5 Brands-Regular-400.otf in Resources */,
				775B478122A5A15500C32220 /* TableViewCell.xib in Resources */,
				BE14FB1A2166AB28002B488B /* Assets.xcassets in Resources */,
				BE14FB152166AB27002B488B /* Main.storyboard in Resources */,
				77FDD2D922A6CABC00597189 /* Font Awesome 5 Free-Regular-400.otf in Resources */,
				77FDD2DB22A6CABC00597189 /* Font Awesome 5 Free-Solid-900.otf in Resources */,
			);
			runOnlyForDeploymentPostprocessing = 0;
		};
		BE14FB212166AB28002B488B /* Resources */ = {
			isa = PBXResourcesBuildPhase;
			buildActionMask = 2147483647;
			files = (
			);
			runOnlyForDeploymentPostprocessing = 0;
		};
		BE14FB2C2166AB28002B488B /* Resources */ = {
			isa = PBXResourcesBuildPhase;
			buildActionMask = 2147483647;
			files = (
			);
			runOnlyForDeploymentPostprocessing = 0;
		};
/* End PBXResourcesBuildPhase section */

/* Begin PBXShellScriptBuildPhase section */
		26746419CABE8E7FBCA048A8 /* [CP] Check Pods Manifest.lock */ = {
			isa = PBXShellScriptBuildPhase;
			buildActionMask = 2147483647;
			files = (
			);
			inputFileListPaths = (
			);
			inputPaths = (
				"${PODS_PODFILE_DIR_PATH}/Podfile.lock",
				"${PODS_ROOT}/Manifest.lock",
			);
			name = "[CP] Check Pods Manifest.lock";
			outputFileListPaths = (
			);
			outputPaths = (
				"$(DERIVED_FILE_DIR)/Pods-motiveUITests-checkManifestLockResult.txt",
			);
			runOnlyForDeploymentPostprocessing = 0;
			shellPath = /bin/sh;
			shellScript = "diff \"${PODS_PODFILE_DIR_PATH}/Podfile.lock\" \"${PODS_ROOT}/Manifest.lock\" > /dev/null\nif [ $? != 0 ] ; then\n    # print error to STDERR\n    echo \"error: The sandbox is not in sync with the Podfile.lock. Run 'pod install' or update your CocoaPods installation.\" >&2\n    exit 1\nfi\n# This output is used by Xcode 'outputs' to avoid re-running this script phase.\necho \"SUCCESS\" > \"${SCRIPT_OUTPUT_FILE_0}\"\n";
			showEnvVarsInLog = 0;
		};
		36FBD7BE0D3E21B5F72D3584 /* [CP] Check Pods Manifest.lock */ = {
			isa = PBXShellScriptBuildPhase;
			buildActionMask = 2147483647;
			files = (
			);
			inputFileListPaths = (
			);
			inputPaths = (
				"${PODS_PODFILE_DIR_PATH}/Podfile.lock",
				"${PODS_ROOT}/Manifest.lock",
			);
			name = "[CP] Check Pods Manifest.lock";
			outputFileListPaths = (
			);
			outputPaths = (
				"$(DERIVED_FILE_DIR)/Pods-motiveTests-checkManifestLockResult.txt",
			);
			runOnlyForDeploymentPostprocessing = 0;
			shellPath = /bin/sh;
			shellScript = "diff \"${PODS_PODFILE_DIR_PATH}/Podfile.lock\" \"${PODS_ROOT}/Manifest.lock\" > /dev/null\nif [ $? != 0 ] ; then\n    # print error to STDERR\n    echo \"error: The sandbox is not in sync with the Podfile.lock. Run 'pod install' or update your CocoaPods installation.\" >&2\n    exit 1\nfi\n# This output is used by Xcode 'outputs' to avoid re-running this script phase.\necho \"SUCCESS\" > \"${SCRIPT_OUTPUT_FILE_0}\"\n";
			showEnvVarsInLog = 0;
		};
		54ECAF0E156887C501B4A72E /* [CP] Check Pods Manifest.lock */ = {
			isa = PBXShellScriptBuildPhase;
			buildActionMask = 2147483647;
			files = (
			);
			inputFileListPaths = (
			);
			inputPaths = (
				"${PODS_PODFILE_DIR_PATH}/Podfile.lock",
				"${PODS_ROOT}/Manifest.lock",
			);
			name = "[CP] Check Pods Manifest.lock";
			outputFileListPaths = (
			);
			outputPaths = (
				"$(DERIVED_FILE_DIR)/Pods-motive-checkManifestLockResult.txt",
			);
			runOnlyForDeploymentPostprocessing = 0;
			shellPath = /bin/sh;
			shellScript = "diff \"${PODS_PODFILE_DIR_PATH}/Podfile.lock\" \"${PODS_ROOT}/Manifest.lock\" > /dev/null\nif [ $? != 0 ] ; then\n    # print error to STDERR\n    echo \"error: The sandbox is not in sync with the Podfile.lock. Run 'pod install' or update your CocoaPods installation.\" >&2\n    exit 1\nfi\n# This output is used by Xcode 'outputs' to avoid re-running this script phase.\necho \"SUCCESS\" > \"${SCRIPT_OUTPUT_FILE_0}\"\n";
			showEnvVarsInLog = 0;
		};
		EE943095859AC5539D743209 /* [CP] Embed Pods Frameworks */ = {
			isa = PBXShellScriptBuildPhase;
			buildActionMask = 2147483647;
			files = (
			);
			inputFileListPaths = (
				"${PODS_ROOT}/Target Support Files/Pods-motive/Pods-motive-frameworks-${CONFIGURATION}-input-files.xcfilelist",
			);
			name = "[CP] Embed Pods Frameworks";
			outputFileListPaths = (
				"${PODS_ROOT}/Target Support Files/Pods-motive/Pods-motive-frameworks-${CONFIGURATION}-output-files.xcfilelist",
			);
			runOnlyForDeploymentPostprocessing = 0;
			shellPath = /bin/sh;
			shellScript = "\"${PODS_ROOT}/Target Support Files/Pods-motive/Pods-motive-frameworks.sh\"\n";
			showEnvVarsInLog = 0;
		};
/* End PBXShellScriptBuildPhase section */

/* Begin PBXSourcesBuildPhase section */
		BE14FB082166AB27002B488B /* Sources */ = {
			isa = PBXSourcesBuildPhase;
			buildActionMask = 2147483647;
			files = (
				BE14FB122166AB27002B488B /* RootController.swift in Sources */,
				77A67B2A235205A30032571A /* TaskServiceSync2.swift in Sources */,
				BE153CC6223DBF1300498A2D /* MainController.swift in Sources */,
				BE14FB182166AB27002B488B /* motive.xcdatamodeld in Sources */,
				771B367922AC21B7003C3D2E /* TaskDescriptionController.swift in Sources */,
				77BA3D7922B163F300051371 /* ScheduleController.swift in Sources */,
				7730943B22A976F100283A93 /* TableViewCell.swift in Sources */,
				BEB046E12169F5B400AE14B7 /* TaskRemoteService.swift in Sources */,
				77BA3D7722B0F28E00051371 /* TaskList.swift in Sources */,
				77A67B2C235209980032571A /* TaskClient.swift in Sources */,
				BE14FB462166B1B3002B488B /* Task.swift in Sources */,
				BE14FB432166B160002B488B /* TaskController.swift in Sources */,
				773E819122B5381500F6BB6A /* Sheduler.swift in Sources */,
				7715F465236093F500BF4351 /* DateFormatMapper.swift in Sources */,
				77BA3D7322B01A9400051371 /* Colors.swift in Sources */,
				77A67B30235251F20032571A /* TaskRemote.swift in Sources */,
				77DB59D8245E874600A21DE5 /* ForFieldBorder.swift in Sources */,
				77B505B122A41F64005099D3 /* TaskListController.swift in Sources */,
				77BA3D7122B0187700051371 /* AppConfig.swift in Sources */,
				77A67B2E235242EA0032571A /* SyncManager.swift in Sources */,
				77BA3D7522B01DFD00051371 /* DateUtils.swift in Sources */,
				771DE66122C73FCA00AD3FED /* TokenService.swift in Sources */,
				BE14FB102166AB27002B488B /* AppDelegate.swift in Sources */,
				77FF897F22AAD512000B2EFE /* TaskService.swift in Sources */,
				773E819322B69D3500F6BB6A /* MainTabViewController.swift in Sources */,
			);
			runOnlyForDeploymentPostprocessing = 0;
		};
		BE14FB1F2166AB28002B488B /* Sources */ = {
			isa = PBXSourcesBuildPhase;
			buildActionMask = 2147483647;
			files = (
				BE14FB282166AB28002B488B /* motiveTests.swift in Sources */,
			);
			runOnlyForDeploymentPostprocessing = 0;
		};
		BE14FB2A2166AB28002B488B /* Sources */ = {
			isa = PBXSourcesBuildPhase;
			buildActionMask = 2147483647;
			files = (
				BE14FB332166AB28002B488B /* motiveUITests.swift in Sources */,
			);
			runOnlyForDeploymentPostprocessing = 0;
		};
/* End PBXSourcesBuildPhase section */

/* Begin PBXTargetDependency section */
		BE14FB252166AB28002B488B /* PBXTargetDependency */ = {
			isa = PBXTargetDependency;
			target = BE14FB0B2166AB27002B488B /* motive */;
			targetProxy = BE14FB242166AB28002B488B /* PBXContainerItemProxy */;
		};
		BE14FB302166AB28002B488B /* PBXTargetDependency */ = {
			isa = PBXTargetDependency;
			target = BE14FB0B2166AB27002B488B /* motive */;
			targetProxy = BE14FB2F2166AB28002B488B /* PBXContainerItemProxy */;
		};
/* End PBXTargetDependency section */

/* Begin PBXVariantGroup section */
		BE14FB132166AB27002B488B /* Main.storyboard */ = {
			isa = PBXVariantGroup;
			children = (
				BE14FB142166AB27002B488B /* Base */,
			);
			name = Main.storyboard;
			sourceTree = "<group>";
		};
		BE14FB1B2166AB28002B488B /* LaunchScreen.storyboard */ = {
			isa = PBXVariantGroup;
			children = (
				BE14FB1C2166AB28002B488B /* Base */,
			);
			name = LaunchScreen.storyboard;
			sourceTree = "<group>";
		};
/* End PBXVariantGroup section */

/* Begin XCBuildConfiguration section */
		BE14FB352166AB28002B488B /* Debug */ = {
			isa = XCBuildConfiguration;
			buildSettings = {
				ALWAYS_SEARCH_USER_PATHS = NO;
				CLANG_ANALYZER_NONNULL = YES;
				CLANG_ANALYZER_NUMBER_OBJECT_CONVERSION = YES_AGGRESSIVE;
				CLANG_CXX_LANGUAGE_STANDARD = "gnu++14";
				CLANG_CXX_LIBRARY = "libc++";
				CLANG_ENABLE_MODULES = YES;
				CLANG_ENABLE_OBJC_ARC = YES;
				CLANG_ENABLE_OBJC_WEAK = YES;
				CLANG_WARN_BLOCK_CAPTURE_AUTORELEASING = YES;
				CLANG_WARN_BOOL_CONVERSION = YES;
				CLANG_WARN_COMMA = YES;
				CLANG_WARN_CONSTANT_CONVERSION = YES;
				CLANG_WARN_DEPRECATED_OBJC_IMPLEMENTATIONS = YES;
				CLANG_WARN_DIRECT_OBJC_ISA_USAGE = YES_ERROR;
				CLANG_WARN_DOCUMENTATION_COMMENTS = YES;
				CLANG_WARN_EMPTY_BODY = YES;
				CLANG_WARN_ENUM_CONVERSION = YES;
				CLANG_WARN_INFINITE_RECURSION = YES;
				CLANG_WARN_INT_CONVERSION = YES;
				CLANG_WARN_NON_LITERAL_NULL_CONVERSION = YES;
				CLANG_WARN_OBJC_IMPLICIT_RETAIN_SELF = YES;
				CLANG_WARN_OBJC_LITERAL_CONVERSION = YES;
				CLANG_WARN_OBJC_ROOT_CLASS = YES_ERROR;
				CLANG_WARN_RANGE_LOOP_ANALYSIS = YES;
				CLANG_WARN_STRICT_PROTOTYPES = YES;
				CLANG_WARN_SUSPICIOUS_MOVE = YES;
				CLANG_WARN_UNGUARDED_AVAILABILITY = YES_AGGRESSIVE;
				CLANG_WARN_UNREACHABLE_CODE = YES;
				CLANG_WARN__DUPLICATE_METHOD_MATCH = YES;
				CODE_SIGN_IDENTITY = "iPhone Developer";
				COPY_PHASE_STRIP = NO;
				DEBUG_INFORMATION_FORMAT = dwarf;
				ENABLE_STRICT_OBJC_MSGSEND = YES;
				ENABLE_TESTABILITY = YES;
				GCC_C_LANGUAGE_STANDARD = gnu11;
				GCC_DYNAMIC_NO_PIC = NO;
				GCC_NO_COMMON_BLOCKS = YES;
				GCC_OPTIMIZATION_LEVEL = 0;
				GCC_PREPROCESSOR_DEFINITIONS = (
					"DEBUG=1",
					"$(inherited)",
				);
				GCC_WARN_64_TO_32_BIT_CONVERSION = YES;
				GCC_WARN_ABOUT_RETURN_TYPE = YES_ERROR;
				GCC_WARN_UNDECLARED_SELECTOR = YES;
				GCC_WARN_UNINITIALIZED_AUTOS = YES_AGGRESSIVE;
				GCC_WARN_UNUSED_FUNCTION = YES;
				GCC_WARN_UNUSED_VARIABLE = YES;
				IPHONEOS_DEPLOYMENT_TARGET = 12.0;
				MTL_ENABLE_DEBUG_INFO = INCLUDE_SOURCE;
				MTL_FAST_MATH = YES;
				ONLY_ACTIVE_ARCH = YES;
				SDKROOT = iphoneos;
				SWIFT_ACTIVE_COMPILATION_CONDITIONS = DEBUG;
				SWIFT_OPTIMIZATION_LEVEL = "-Onone";
			};
			name = Debug;
		};
		BE14FB362166AB28002B488B /* Release */ = {
			isa = XCBuildConfiguration;
			buildSettings = {
				ALWAYS_SEARCH_USER_PATHS = NO;
				CLANG_ANALYZER_NONNULL = YES;
				CLANG_ANALYZER_NUMBER_OBJECT_CONVERSION = YES_AGGRESSIVE;
				CLANG_CXX_LANGUAGE_STANDARD = "gnu++14";
				CLANG_CXX_LIBRARY = "libc++";
				CLANG_ENABLE_MODULES = YES;
				CLANG_ENABLE_OBJC_ARC = YES;
				CLANG_ENABLE_OBJC_WEAK = YES;
				CLANG_WARN_BLOCK_CAPTURE_AUTORELEASING = YES;
				CLANG_WARN_BOOL_CONVERSION = YES;
				CLANG_WARN_COMMA = YES;
				CLANG_WARN_CONSTANT_CONVERSION = YES;
				CLANG_WARN_DEPRECATED_OBJC_IMPLEMENTATIONS = YES;
				CLANG_WARN_DIRECT_OBJC_ISA_USAGE = YES_ERROR;
				CLANG_WARN_DOCUMENTATION_COMMENTS = YES;
				CLANG_WARN_EMPTY_BODY = YES;
				CLANG_WARN_ENUM_CONVERSION = YES;
				CLANG_WARN_INFINITE_RECURSION = YES;
				CLANG_WARN_INT_CONVERSION = YES;
				CLANG_WARN_NON_LITERAL_NULL_CONVERSION = YES;
				CLANG_WARN_OBJC_IMPLICIT_RETAIN_SELF = YES;
				CLANG_WARN_OBJC_LITERAL_CONVERSION = YES;
				CLANG_WARN_OBJC_ROOT_CLASS = YES_ERROR;
				CLANG_WARN_RANGE_LOOP_ANALYSIS = YES;
				CLANG_WARN_STRICT_PROTOTYPES = YES;
				CLANG_WARN_SUSPICIOUS_MOVE = YES;
				CLANG_WARN_UNGUARDED_AVAILABILITY = YES_AGGRESSIVE;
				CLANG_WARN_UNREACHABLE_CODE = YES;
				CLANG_WARN__DUPLICATE_METHOD_MATCH = YES;
				CODE_SIGN_IDENTITY = "iPhone Developer";
				COPY_PHASE_STRIP = NO;
				DEBUG_INFORMATION_FORMAT = "dwarf-with-dsym";
				ENABLE_NS_ASSERTIONS = NO;
				ENABLE_STRICT_OBJC_MSGSEND = YES;
				GCC_C_LANGUAGE_STANDARD = gnu11;
				GCC_NO_COMMON_BLOCKS = YES;
				GCC_WARN_64_TO_32_BIT_CONVERSION = YES;
				GCC_WARN_ABOUT_RETURN_TYPE = YES_ERROR;
				GCC_WARN_UNDECLARED_SELECTOR = YES;
				GCC_WARN_UNINITIALIZED_AUTOS = YES_AGGRESSIVE;
				GCC_WARN_UNUSED_FUNCTION = YES;
				GCC_WARN_UNUSED_VARIABLE = YES;
				IPHONEOS_DEPLOYMENT_TARGET = 12.0;
				MTL_ENABLE_DEBUG_INFO = NO;
				MTL_FAST_MATH = YES;
				SDKROOT = iphoneos;
				SWIFT_COMPILATION_MODE = wholemodule;
				SWIFT_OPTIMIZATION_LEVEL = "-O";
				VALIDATE_PRODUCT = YES;
			};
			name = Release;
		};
		BE14FB382166AB28002B488B /* Debug */ = {
			isa = XCBuildConfiguration;
			baseConfigurationReference = D11FEC16A741C5D27E567724 /* Pods-motive.debug.xcconfig */;
			buildSettings = {
				ASSETCATALOG_COMPILER_APPICON_NAME = AppIcon;
				CODE_SIGN_STYLE = Automatic;
				DEVELOPMENT_TEAM = A4C63TUZYL;
				INFOPLIST_FILE = motive/Info.plist;
				IPHONEOS_DEPLOYMENT_TARGET = 12.2;
				LD_RUNPATH_SEARCH_PATHS = (
					"$(inherited)",
					"@executable_path/Frameworks",
				);
				PRODUCT_BUNDLE_IDENTIFIER = com.motivepick.motive;
				PRODUCT_NAME = "$(TARGET_NAME)";
				SWIFT_VERSION = 5.0;
				TARGETED_DEVICE_FAMILY = 1;
			};
			name = Debug;
		};
		BE14FB392166AB28002B488B /* Release */ = {
			isa = XCBuildConfiguration;
			baseConfigurationReference = 431E5E5006C926A77D6D4E0B /* Pods-motive.release.xcconfig */;
			buildSettings = {
				ASSETCATALOG_COMPILER_APPICON_NAME = AppIcon;
				CODE_SIGN_STYLE = Automatic;
				DEVELOPMENT_TEAM = A4C63TUZYL;
				INFOPLIST_FILE = motive/Info.plist;
				IPHONEOS_DEPLOYMENT_TARGET = 12.2;
				LD_RUNPATH_SEARCH_PATHS = (
					"$(inherited)",
					"@executable_path/Frameworks",
				);
				PRODUCT_BUNDLE_IDENTIFIER = com.motivepick.motive;
				PRODUCT_NAME = "$(TARGET_NAME)";
				SWIFT_VERSION = 5.0;
				TARGETED_DEVICE_FAMILY = 1;
			};
			name = Release;
		};
		BE14FB3B2166AB28002B488B /* Debug */ = {
			isa = XCBuildConfiguration;
			baseConfigurationReference = 34B01112730B05C053AF5F01 /* Pods-motiveTests.debug.xcconfig */;
			buildSettings = {
				ALWAYS_EMBED_SWIFT_STANDARD_LIBRARIES = YES;
				BUNDLE_LOADER = "$(TEST_HOST)";
				CODE_SIGN_STYLE = Automatic;
				DEVELOPMENT_TEAM = A4C63TUZYL;
				INFOPLIST_FILE = motiveTests/Info.plist;
				LD_RUNPATH_SEARCH_PATHS = (
					"$(inherited)",
					"@executable_path/Frameworks",
					"@loader_path/Frameworks",
				);
				PRODUCT_BUNDLE_IDENTIFIER = com.motivepick.motiveTests;
				PRODUCT_NAME = "$(TARGET_NAME)";
				SWIFT_VERSION = 5.0;
				TARGETED_DEVICE_FAMILY = "1,2";
				TEST_HOST = "$(BUILT_PRODUCTS_DIR)/motive.app/motive";
			};
			name = Debug;
		};
		BE14FB3C2166AB28002B488B /* Release */ = {
			isa = XCBuildConfiguration;
			baseConfigurationReference = A8F3EC073F2AE9F2BF4435BB /* Pods-motiveTests.release.xcconfig */;
			buildSettings = {
				ALWAYS_EMBED_SWIFT_STANDARD_LIBRARIES = YES;
				BUNDLE_LOADER = "$(TEST_HOST)";
				CODE_SIGN_STYLE = Automatic;
				DEVELOPMENT_TEAM = A4C63TUZYL;
				INFOPLIST_FILE = motiveTests/Info.plist;
				LD_RUNPATH_SEARCH_PATHS = (
					"$(inherited)",
					"@executable_path/Frameworks",
					"@loader_path/Frameworks",
				);
				PRODUCT_BUNDLE_IDENTIFIER = com.motivepick.motiveTests;
				PRODUCT_NAME = "$(TARGET_NAME)";
				SWIFT_VERSION = 5.0;
				TARGETED_DEVICE_FAMILY = "1,2";
				TEST_HOST = "$(BUILT_PRODUCTS_DIR)/motive.app/motive";
			};
			name = Release;
		};
		BE14FB3E2166AB28002B488B /* Debug */ = {
			isa = XCBuildConfiguration;
			baseConfigurationReference = D10FCA7372307194FE90790A /* Pods-motiveUITests.debug.xcconfig */;
			buildSettings = {
				ALWAYS_EMBED_SWIFT_STANDARD_LIBRARIES = YES;
				CODE_SIGN_STYLE = Automatic;
				DEVELOPMENT_TEAM = A4C63TUZYL;
				INFOPLIST_FILE = motiveUITests/Info.plist;
				LD_RUNPATH_SEARCH_PATHS = (
					"$(inherited)",
					"@executable_path/Frameworks",
					"@loader_path/Frameworks",
				);
				PRODUCT_BUNDLE_IDENTIFIER = com.motivepick.motiveUITests;
				PRODUCT_NAME = "$(TARGET_NAME)";
				SWIFT_VERSION = 5.0;
				TARGETED_DEVICE_FAMILY = "1,2";
				TEST_TARGET_NAME = motive;
			};
			name = Debug;
		};
		BE14FB3F2166AB28002B488B /* Release */ = {
			isa = XCBuildConfiguration;
			baseConfigurationReference = E758995F42BCB1A944913D2B /* Pods-motiveUITests.release.xcconfig */;
			buildSettings = {
				ALWAYS_EMBED_SWIFT_STANDARD_LIBRARIES = YES;
				CODE_SIGN_STYLE = Automatic;
				DEVELOPMENT_TEAM = A4C63TUZYL;
				INFOPLIST_FILE = motiveUITests/Info.plist;
				LD_RUNPATH_SEARCH_PATHS = (
					"$(inherited)",
					"@executable_path/Frameworks",
					"@loader_path/Frameworks",
				);
				PRODUCT_BUNDLE_IDENTIFIER = com.motivepick.motiveUITests;
				PRODUCT_NAME = "$(TARGET_NAME)";
				SWIFT_VERSION = 5.0;
				TARGETED_DEVICE_FAMILY = "1,2";
				TEST_TARGET_NAME = motive;
			};
			name = Release;
		};
/* End XCBuildConfiguration section */

/* Begin XCConfigurationList section */
		BE14FB072166AB27002B488B /* Build configuration list for PBXProject "motive" */ = {
			isa = XCConfigurationList;
			buildConfigurations = (
				BE14FB352166AB28002B488B /* Debug */,
				BE14FB362166AB28002B488B /* Release */,
			);
			defaultConfigurationIsVisible = 0;
			defaultConfigurationName = Release;
		};
		BE14FB372166AB28002B488B /* Build configuration list for PBXNativeTarget "motive" */ = {
			isa = XCConfigurationList;
			buildConfigurations = (
				BE14FB382166AB28002B488B /* Debug */,
				BE14FB392166AB28002B488B /* Release */,
			);
			defaultConfigurationIsVisible = 0;
			defaultConfigurationName = Release;
		};
		BE14FB3A2166AB28002B488B /* Build configuration list for PBXNativeTarget "motiveTests" */ = {
			isa = XCConfigurationList;
			buildConfigurations = (
				BE14FB3B2166AB28002B488B /* Debug */,
				BE14FB3C2166AB28002B488B /* Release */,
			);
			defaultConfigurationIsVisible = 0;
			defaultConfigurationName = Release;
		};
		BE14FB3D2166AB28002B488B /* Build configuration list for PBXNativeTarget "motiveUITests" */ = {
			isa = XCConfigurationList;
			buildConfigurations = (
				BE14FB3E2166AB28002B488B /* Debug */,
				BE14FB3F2166AB28002B488B /* Release */,
			);
			defaultConfigurationIsVisible = 0;
			defaultConfigurationName = Release;
		};
/* End XCConfigurationList section */

/* Begin XCVersionGroup section */
		BE14FB162166AB27002B488B /* motive.xcdatamodeld */ = {
			isa = XCVersionGroup;
			children = (
				BE14FB172166AB27002B488B /* motive.xcdatamodel */,
			);
			currentVersion = BE14FB172166AB27002B488B /* motive.xcdatamodel */;
			path = motive.xcdatamodeld;
			sourceTree = "<group>";
			versionGroupType = wrapper.xcdatamodel;
		};
/* End XCVersionGroup section */
	};
	rootObject = BE14FB042166AB27002B488B /* Project object */;
}
